
Microsoft Visual Studio Solution File, Format Version 12.00
# Visual Studio Version 17
VisualStudioVersion = 17.7.34031.279
MinimumVisualStudioVersion = 10.0.40219.1
Project("{9A19103F-16F7-4668-BE54-9A1E7A4F7556}") = "StudentsInfo", "StudentsInfo\StudentsInfo.csproj", "{AD807F90-B580-42BA-8CA5-88561B8BD1B1}"
EndProject
Global
	GlobalSection(SolutionConfigurationPlatforms) = preSolution
		Debug|Any CPU = Debug|Any CPU
		Release|Any CPU = Release|Any CPU
	EndGlobalSection
	GlobalSection(ProjectConfigurationPlatforms) = postSolution
		{AD807F90-B580-42BA-8CA5-88561B8BD1B1}.Debug|Any CPU.ActiveCfg = Debug|Any CPU
		{AD807F90-B580-42BA-8CA5-88561B8BD1B1}.Debug|Any CPU.Build.0 = Debug|Any CPU
		{AD807F90-B580-42BA-8CA5-88561B8BD1B1}.Release|Any CPU.ActiveCfg = Release|Any CPU
		{AD807F90-B580-42BA-8CA5-88561B8BD1B1}.Release|Any CPU.Build.0 = Release|Any CPU
	EndGlobalSection
	GlobalSection(SolutionProperties) = preSolution
		HideSolutionNode = FALSE
	EndGlobalSection
	GlobalSection(ExtensibilityGlobals) = postSolution
		SolutionGuid = {605B777D-CA55-49A8-82A3-C9668F25F577}
	EndGlobalSection
EndGlobal
